// !$*UTF8*$!
{
	archiveVersion = 1;
	classes = {
	};
	objectVersion = 50;
	objects = {

/* Begin PBXBuildFile section */
		0645903822E887EA006F05DE /* AppDelegate.swift in Sources */ = {isa = PBXBuildFile; fileRef = 0645903722E887EA006F05DE /* AppDelegate.swift */; };
		0645903A22E887EA006F05DE /* ViewController.swift in Sources */ = {isa = PBXBuildFile; fileRef = 0645903922E887EA006F05DE /* ViewController.swift */; };
		0645903D22E887EA006F05DE /* Main.storyboard in Resources */ = {isa = PBXBuildFile; fileRef = 0645903B22E887EA006F05DE /* Main.storyboard */; };
		0645903F22E887EC006F05DE /* Assets.xcassets in Resources */ = {isa = PBXBuildFile; fileRef = 0645903E22E887EC006F05DE /* Assets.xcassets */; };
		0645904222E887EC006F05DE /* LaunchScreen.storyboard in Resources */ = {isa = PBXBuildFile; fileRef = 0645904022E887EC006F05DE /* LaunchScreen.storyboard */; };
		0645906022E89711006F05DE /* UIKit+Extension.swift in Sources */ = {isa = PBXBuildFile; fileRef = 0645905F22E89711006F05DE /* UIKit+Extension.swift */; };
		0645906222E89845006F05DE /* StatusViewController.swift in Sources */ = {isa = PBXBuildFile; fileRef = 0645906122E89845006F05DE /* StatusViewController.swift */; };
		B6D29CB822E94F200036ABC7 /* UserInfo.swift in Sources */ = {isa = PBXBuildFile; fileRef = B6D29CB722E94F200036ABC7 /* UserInfo.swift */; };
		B6D29CBA22E9576D0036ABC7 /* DataModel.swift in Sources */ = {isa = PBXBuildFile; fileRef = B6D29CB922E9576D0036ABC7 /* DataModel.swift */; };
		B6D29CBC22E996F60036ABC7 /* userList.plist in Resources */ = {isa = PBXBuildFile; fileRef = B6D29CBB22E996F60036ABC7 /* userList.plist */; };
/* End PBXBuildFile section */

/* Begin PBXFileReference section */
		0645903422E887EA006F05DE /* RecordAndLocalNote.app */ = {isa = PBXFileReference; explicitFileType = wrapper.application; includeInIndex = 0; path = RecordAndLocalNote.app; sourceTree = BUILT_PRODUCTS_DIR; };
		0645903722E887EA006F05DE /* AppDelegate.swift */ = {isa = PBXFileReference; lastKnownFileType = sourcecode.swift; path = AppDelegate.swift; sourceTree = "<group>"; };
		0645903922E887EA006F05DE /* ViewController.swift */ = {isa = PBXFileReference; lastKnownFileType = sourcecode.swift; path = ViewController.swift; sourceTree = "<group>"; };
		0645903C22E887EA006F05DE /* Base */ = {isa = PBXFileReference; lastKnownFileType = file.storyboard; name = Base; path = Base.lproj/Main.storyboard; sourceTree = "<group>"; };
		0645903E22E887EC006F05DE /* Assets.xcassets */ = {isa = PBXFileReference; lastKnownFileType = folder.assetcatalog; path = Assets.xcassets; sourceTree = "<group>"; };
		0645904122E887EC006F05DE /* Base */ = {isa = PBXFileReference; lastKnownFileType = file.storyboard; name = Base; path = Base.lproj/LaunchScreen.storyboard; sourceTree = "<group>"; };
		0645904322E887EC006F05DE /* Info.plist */ = {isa = PBXFileReference; lastKnownFileType = text.plist.xml; path = Info.plist; sourceTree = "<group>"; };
		0645905F22E89711006F05DE /* UIKit+Extension.swift */ = {isa = PBXFileReference; lastKnownFileType = sourcecode.swift; path = "UIKit+Extension.swift"; sourceTree = "<group>"; };
		0645906122E89845006F05DE /* StatusViewController.swift */ = {isa = PBXFileReference; lastKnownFileType = sourcecode.swift; path = StatusViewController.swift; sourceTree = "<group>"; };
		B6D29CB722E94F200036ABC7 /* UserInfo.swift */ = {isa = PBXFileReference; lastKnownFileType = sourcecode.swift; path = UserInfo.swift; sourceTree = "<group>"; };
		B6D29CB922E9576D0036ABC7 /* DataModel.swift */ = {isa = PBXFileReference; lastKnownFileType = sourcecode.swift; path = DataModel.swift; sourceTree = "<group>"; };
		B6D29CBB22E996F60036ABC7 /* userList.plist */ = {isa = PBXFileReference; lastKnownFileType = file.bplist; name = userList.plist; path = "com.nce.ifiledTest 2019-07-25 14:04.56.903.xcappdata/AppData/Documents/userList.plist"; sourceTree = "<group>"; };
/* End PBXFileReference section */

/* Begin PBXFrameworksBuildPhase section */
		0645903122E887EA006F05DE /* Frameworks */ = {
			isa = PBXFrameworksBuildPhase;
			buildActionMask = 2147483647;
			files = (
			);
			runOnlyForDeploymentPostprocessing = 0;
		};
/* End PBXFrameworksBuildPhase section */

/* Begin PBXGroup section */
		0645902B22E887EA006F05DE = {
			isa = PBXGroup;
			children = (
				0645903622E887EA006F05DE /* RecordAndLocalNote */,
				0645903522E887EA006F05DE /* Products */,
			);
			sourceTree = "<group>";
		};
		0645903522E887EA006F05DE /* Products */ = {
			isa = PBXGroup;
			children = (
				0645903422E887EA006F05DE /* RecordAndLocalNote.app */,
			);
			name = Products;
			sourceTree = "<group>";
		};
		0645903622E887EA006F05DE /* RecordAndLocalNote */ = {
			isa = PBXGroup;
			children = (
				0645905B22E896FE006F05DE /* PushStatus */,
				0645905922E896FE006F05DE /* SqliteStore */,
				0645905A22E896FE006F05DE /* Tools */,
				0645903722E887EA006F05DE /* AppDelegate.swift */,
				0645903922E887EA006F05DE /* ViewController.swift */,
				0645903B22E887EA006F05DE /* Main.storyboard */,
				0645903E22E887EC006F05DE /* Assets.xcassets */,
				0645904022E887EC006F05DE /* LaunchScreen.storyboard */,
				0645904322E887EC006F05DE /* Info.plist */,
			);
			path = RecordAndLocalNote;
			sourceTree = "<group>";
		};
		0645905922E896FE006F05DE /* SqliteStore */ = {
			isa = PBXGroup;
			children = (
			);
			path = SqliteStore;
			sourceTree = "<group>";
		};
		0645905A22E896FE006F05DE /* Tools */ = {
			isa = PBXGroup;
			children = (
				0645905F22E89711006F05DE /* UIKit+Extension.swift */,
			);
			path = Tools;
			sourceTree = "<group>";
		};
		0645905B22E896FE006F05DE /* PushStatus */ = {
			isa = PBXGroup;
			children = (
				B6D29CB622E94F000036ABC7 /* Model */,
				0645905C22E896FE006F05DE /* Controller */,
				0645905D22E896FE006F05DE /* Model */,
				0645905E22E896FE006F05DE /* View */,
			);
			path = PushStatus;
			sourceTree = "<group>";
		};
		0645905C22E896FE006F05DE /* Controller */ = {
			isa = PBXGroup;
			children = (
				0645906122E89845006F05DE /* StatusViewController.swift */,
			);
			path = Controller;
			sourceTree = "<group>";
		};
		0645905D22E896FE006F05DE /* Model */ = {
			isa = PBXGroup;
			children = (
			);
			path = Model;
			sourceTree = "<group>";
		};
		0645905E22E896FE006F05DE /* View */ = {
			isa = PBXGroup;
			children = (
			);
			path = View;
			sourceTree = "<group>";
		};
		B6D29CB622E94F000036ABC7 /* Model */ = {
			isa = PBXGroup;
			children = (
				B6D29CBB22E996F60036ABC7 /* userList.plist */,
				B6D29CB722E94F200036ABC7 /* UserInfo.swift */,
				B6D29CB922E9576D0036ABC7 /* DataModel.swift */,
			);
			path = Model;
			sourceTree = "<group>";
		};
/* End PBXGroup section */

/* Begin PBXNativeTarget section */
		0645903322E887EA006F05DE /* RecordAndLocalNote */ = {
			isa = PBXNativeTarget;
			buildConfigurationList = 0645904622E887EC006F05DE /* Build configuration list for PBXNativeTarget "RecordAndLocalNote" */;
			buildPhases = (
				0645903022E887EA006F05DE /* Sources */,
				0645903122E887EA006F05DE /* Frameworks */,
				0645903222E887EA006F05DE /* Resources */,
			);
			buildRules = (
			);
			dependencies = (
			);
			name = RecordAndLocalNote;
			productName = RecordAndLocalNote;
			productReference = 0645903422E887EA006F05DE /* RecordAndLocalNote.app */;
			productType = "com.apple.product-type.application";
		};
/* End PBXNativeTarget section */

/* Begin PBXProject section */
		0645902C22E887EA006F05DE /* Project object */ = {
			isa = PBXProject;
			attributes = {
				LastSwiftUpdateCheck = 1020;
				LastUpgradeCheck = 1020;
				ORGANIZATIONNAME = g;
				TargetAttributes = {
					0645903322E887EA006F05DE = {
						CreatedOnToolsVersion = 10.2;
					};
				};
			};
			buildConfigurationList = 0645902F22E887EA006F05DE /* Build configuration list for PBXProject "RecordAndLocalNote" */;
			compatibilityVersion = "Xcode 9.3";
			developmentRegion = en;
			hasScannedForEncodings = 0;
			knownRegions = (
				en,
				Base,
			);
			mainGroup = 0645902B22E887EA006F05DE;
			productRefGroup = 0645903522E887EA006F05DE /* Products */;
			projectDirPath = "";
			projectRoot = "";
			targets = (
				0645903322E887EA006F05DE /* RecordAndLocalNote */,
			);
		};
/* End PBXProject section */

/* Begin PBXResourcesBuildPhase section */
		0645903222E887EA006F05DE /* Resources */ = {
			isa = PBXResourcesBuildPhase;
			buildActionMask = 2147483647;
			files = (
				0645904222E887EC006F05DE /* LaunchScreen.storyboard in Resources */,
				0645903F22E887EC006F05DE /* Assets.xcassets in Resources */,
				0645903D22E887EA006F05DE /* Main.storyboard in Resources */,
				B6D29CBC22E996F60036ABC7 /* userList.plist in Resources */,
			);
			runOnlyForDeploymentPostprocessing = 0;
		};
/* End PBXResourcesBuildPhase section */

/* Begin PBXSourcesBuildPhase section */
		0645903022E887EA006F05DE /* Sources */ = {
			isa = PBXSourcesBuildPhase;
			buildActionMask = 2147483647;
			files = (
				0645906222E89845006F05DE /* StatusViewController.swift in Sources */,
				0645903A22E887EA006F05DE /* ViewController.swift in Sources */,
				0645906022E89711006F05DE /* UIKit+Extension.swift in Sources */,
				B6D29CB822E94F200036ABC7 /* UserInfo.swift in Sources */,
				0645903822E887EA006F05DE /* AppDelegate.swift in Sources */,
				B6D29CBA22E9576D0036ABC7 /* DataModel.swift in Sources */,
			);
			runOnlyForDeploymentPostprocessing = 0;
		};
/* End PBXSourcesBuildPhase section */

/* Begin PBXVariantGroup section */
		0645903B22E887EA006F05DE /* Main.storyboard */ = {
			isa = PBXVariantGroup;
			children = (
				0645903C22E887EA006F05DE /* Base */,
			);
			name = Main.storyboard;
			sourceTree = "<group>";
		};
		0645904022E887EC006F05DE /* LaunchScreen.storyboard */ = {
			isa = PBXVariantGroup;
			children = (
				0645904122E887EC006F05DE /* Base */,
			);
			name = LaunchScreen.storyboard;
			sourceTree = "<group>";
		};
/* End PBXVariantGroup section */

/* Begin XCBuildConfiguration section */
		0645904422E887EC006F05DE /* Debug */ = {
			isa = XCBuildConfiguration;
			buildSettings = {
				ALWAYS_SEARCH_USER_PATHS = NO;
				CLANG_ANALYZER_NONNULL = YES;
				CLANG_ANALYZER_NUMBER_OBJECT_CONVERSION = YES_AGGRESSIVE;
				CLANG_CXX_LANGUAGE_STANDARD = "gnu++14";
				CLANG_CXX_LIBRARY = "libc++";
				CLANG_ENABLE_MODULES = YES;
				CLANG_ENABLE_OBJC_ARC = YES;
				CLANG_ENABLE_OBJC_WEAK = YES;
				CLANG_WARN_BLOCK_CAPTURE_AUTORELEASING = YES;
				CLANG_WARN_BOOL_CONVERSION = YES;
				CLANG_WARN_COMMA = YES;
				CLANG_WARN_CONSTANT_CONVERSION = YES;
				CLANG_WARN_DEPRECATED_OBJC_IMPLEMENTATIONS = YES;
				CLANG_WARN_DIRECT_OBJC_ISA_USAGE = YES_ERROR;
				CLANG_WARN_DOCUMENTATION_COMMENTS = YES;
				CLANG_WARN_EMPTY_BODY = YES;
				CLANG_WARN_ENUM_CONVERSION = YES;
				CLANG_WARN_INFINITE_RECURSION = YES;
				CLANG_WARN_INT_CONVERSION = YES;
				CLANG_WARN_NON_LITERAL_NULL_CONVERSION = YES;
				CLANG_WARN_OBJC_IMPLICIT_RETAIN_SELF = YES;
				CLANG_WARN_OBJC_LITERAL_CONVERSION = YES;
				CLANG_WARN_OBJC_ROOT_CLASS = YES_ERROR;
				CLANG_WARN_RANGE_LOOP_ANALYSIS = YES;
				CLANG_WARN_STRICT_PROTOTYPES = YES;
				CLANG_WARN_SUSPICIOUS_MOVE = YES;
				CLANG_WARN_UNGUARDED_AVAILABILITY = YES_AGGRESSIVE;
				CLANG_WARN_UNREACHABLE_CODE = YES;
				CLANG_WARN__DUPLICATE_METHOD_MATCH = YES;
				CODE_SIGN_IDENTITY = "iPhone Developer";
				COPY_PHASE_STRIP = NO;
				DEBUG_INFORMATION_FORMAT = dwarf;
				ENABLE_STRICT_OBJC_MSGSEND = YES;
				ENABLE_TESTABILITY = YES;
				GCC_C_LANGUAGE_STANDARD = gnu11;
				GCC_DYNAMIC_NO_PIC = NO;
				GCC_NO_COMMON_BLOCKS = YES;
				GCC_OPTIMIZATION_LEVEL = 0;
				GCC_PREPROCESSOR_DEFINITIONS = (
					"DEBUG=1",
					"$(inherited)",
				);
				GCC_WARN_64_TO_32_BIT_CONVERSION = YES;
				GCC_WARN_ABOUT_RETURN_TYPE = YES_ERROR;
				GCC_WARN_UNDECLARED_SELECTOR = YES;
				GCC_WARN_UNINITIALIZED_AUTOS = YES_AGGRESSIVE;
				GCC_WARN_UNUSED_FUNCTION = YES;
				GCC_WARN_UNUSED_VARIABLE = YES;
				IPHONEOS_DEPLOYMENT_TARGET = 12.2;
				MTL_ENABLE_DEBUG_INFO = INCLUDE_SOURCE;
				MTL_FAST_MATH = YES;
				ONLY_ACTIVE_ARCH = YES;
				SDKROOT = iphoneos;
				SWIFT_ACTIVE_COMPILATION_CONDITIONS = DEBUG;
				SWIFT_OPTIMIZATION_LEVEL = "-Onone";
			};
			name = Debug;
		};
		0645904522E887EC006F05DE /* Release */ = {
			isa = XCBuildConfiguration;
			buildSettings = {
				ALWAYS_SEARCH_USER_PATHS = NO;
				CLANG_ANALYZER_NONNULL = YES;
				CLANG_ANALYZER_NUMBER_OBJECT_CONVERSION = YES_AGGRESSIVE;
				CLANG_CXX_LANGUAGE_STANDARD = "gnu++14";
				CLANG_CXX_LIBRARY = "libc++";
				CLANG_ENABLE_MODULES = YES;
				CLANG_ENABLE_OBJC_ARC = YES;
				CLANG_ENABLE_OBJC_WEAK = YES;
				CLANG_WARN_BLOCK_CAPTURE_AUTORELEASING = YES;
				CLANG_WARN_BOOL_CONVERSION = YES;
				CLANG_WARN_COMMA = YES;
				CLANG_WARN_CONSTANT_CONVERSION = YES;
				CLANG_WARN_DEPRECATED_OBJC_IMPLEMENTATIONS = YES;
				CLANG_WARN_DIRECT_OBJC_ISA_USAGE = YES_ERROR;
				CLANG_WARN_DOCUMENTATION_COMMENTS = YES;
				CLANG_WARN_EMPTY_BODY = YES;
				CLANG_WARN_ENUM_CONVERSION = YES;
				CLANG_WARN_INFINITE_RECURSION = YES;
				CLANG_WARN_INT_CONVERSION = YES;
				CLANG_WARN_NON_LITERAL_NULL_CONVERSION = YES;
				CLANG_WARN_OBJC_IMPLICIT_RETAIN_SELF = YES;
				CLANG_WARN_OBJC_LITERAL_CONVERSION = YES;
				CLANG_WARN_OBJC_ROOT_CLASS = YES_ERROR;
				CLANG_WARN_RANGE_LOOP_ANALYSIS = YES;
				CLANG_WARN_STRICT_PROTOTYPES = YES;
				CLANG_WARN_SUSPICIOUS_MOVE = YES;
				CLANG_WARN_UNGUARDED_AVAILABILITY = YES_AGGRESSIVE;
				CLANG_WARN_UNREACHABLE_CODE = YES;
				CLANG_WARN__DUPLICATE_METHOD_MATCH = YES;
				CODE_SIGN_IDENTITY = "iPhone Developer";
				COPY_PHASE_STRIP = NO;
				DEBUG_INFORMATION_FORMAT = "dwarf-with-dsym";
				ENABLE_NS_ASSERTIONS = NO;
				ENABLE_STRICT_OBJC_MSGSEND = YES;
				GCC_C_LANGUAGE_STANDARD = gnu11;
				GCC_NO_COMMON_BLOCKS = YES;
				GCC_WARN_64_TO_32_BIT_CONVERSION = YES;
				GCC_WARN_ABOUT_RETURN_TYPE = YES_ERROR;
				GCC_WARN_UNDECLARED_SELECTOR = YES;
				GCC_WARN_UNINITIALIZED_AUTOS = YES_AGGRESSIVE;
				GCC_WARN_UNUSED_FUNCTION = YES;
				GCC_WARN_UNUSED_VARIABLE = YES;
				IPHONEOS_DEPLOYMENT_TARGET = 12.2;
				MTL_ENABLE_DEBUG_INFO = NO;
				MTL_FAST_MATH = YES;
				SDKROOT = iphoneos;
				SWIFT_COMPILATION_MODE = wholemodule;
				SWIFT_OPTIMIZATION_LEVEL = "-O";
				VALIDATE_PRODUCT = YES;
			};
			name = Release;
		};
		0645904722E887EC006F05DE /* Debug */ = {
			isa = XCBuildConfiguration;
			buildSettings = {
				ASSETCATALOG_COMPILER_APPICON_NAME = AppIcon;
				CODE_SIGN_STYLE = Automatic;
				DEVELOPMENT_TEAM = SS3JMJH6PN;
				INFOPLIST_FILE = RecordAndLocalNote/Info.plist;
				IPHONEOS_DEPLOYMENT_TARGET = 12.0;
				LD_RUNPATH_SEARCH_PATHS = (
					"$(inherited)",
					"@executable_path/Frameworks",
				);
				PRODUCT_BUNDLE_IDENTIFIER = com.nce.ifiledTest;
				PRODUCT_NAME = "$(TARGET_NAME)";
				SWIFT_VERSION = 4.2;
				TARGETED_DEVICE_FAMILY = "1,2";
			};
			name = Debug;
		};
		0645904822E887EC006F05DE /* Release */ = {
			isa = XCBuildConfiguration;
			buildSettings = {
				ASSETCATALOG_COMPILER_APPICON_NAME = AppIcon;
				CODE_SIGN_STYLE = Automatic;
				DEVELOPMENT_TEAM = SS3JMJH6PN;
				INFOPLIST_FILE = RecordAndLocalNote/Info.plist;
				IPHONEOS_DEPLOYMENT_TARGET = 12.0;
				LD_RUNPATH_SEARCH_PATHS = (
					"$(inherited)",
					"@executable_path/Frameworks",
				);
				PRODUCT_BUNDLE_IDENTIFIER = com.nce.ifiledTest;
				PRODUCT_NAME = "$(TARGET_NAME)";
				SWIFT_VERSION = 4.2;
				TARGETED_DEVICE_FAMILY = "1,2";
			};
			name = Release;
		};
/* End XCBuildConfiguration section */

/* Begin XCConfigurationList section */
		0645902F22E887EA006F05DE /* Build configuration list for PBXProject "RecordAndLocalNote" */ = {
			isa = XCConfigurationList;
			buildConfigurations = (
				0645904422E887EC006F05DE /* Debug */,
				0645904522E887EC006F05DE /* Release */,
			);
			defaultConfigurationIsVisible = 0;
			defaultConfigurationName = Release;
		};
		0645904622E887EC006F05DE /* Build configuration list for PBXNativeTarget "RecordAndLocalNote" */ = {
			isa = XCConfigurationList;
			buildConfigurations = (
				0645904722E887EC006F05DE /* Debug */,
				0645904822E887EC006F05DE /* Release */,
			);
			defaultConfigurationIsVisible = 0;
			defaultConfigurationName = Release;
		};
/* End XCConfigurationList section */
	};
	rootObject = 0645902C22E887EA006F05DE /* Project object */;
}
